
Microsoft Visual Studio Solution File, Format Version 12.00
# Visual Studio Version 17
VisualStudioVersion = 17.5.002.0
MinimumVisualStudioVersion = 10.0.40219.1
Project("{9A19103F-16F7-4668-BE54-9A1E7A4F7556}") = "LibraryApi", "LibraryApi.csproj", "{D93FB088-C05D-4118-812F-A5E8BC58F78A}"
EndProject
Global
	GlobalSection(SolutionConfigurationPlatforms) = preSolution
		Debug|Any CPU = Debug|Any CPU
		Release|Any CPU = Release|Any CPU
	EndGlobalSection
	GlobalSection(ProjectConfigurationPlatforms) = postSolution
		{D93FB088-C05D-4118-812F-A5E8BC58F78A}.Debug|Any CPU.ActiveCfg = Debug|Any CPU
		{D93FB088-C05D-4118-812F-A5E8BC58F78A}.Debug|Any CPU.Build.0 = Debug|Any CPU
		{D93FB088-C05D-4118-812F-A5E8BC58F78A}.Release|Any CPU.ActiveCfg = Release|Any CPU
		{D93FB088-C05D-4118-812F-A5E8BC58F78A}.Release|Any CPU.Build.0 = Release|Any CPU
	EndGlobalSection
	GlobalSection(SolutionProperties) = preSolution
		HideSolutionNode = FALSE
	EndGlobalSection
	GlobalSection(ExtensibilityGlobals) = postSolution
		SolutionGuid = {7F9FD61F-53FB-43A7-9F41-8E6849A32461}
	EndGlobalSection
EndGlobal
